{
  "name": "@myc90/dexie-export-import",
  "version": "4.0.4",
  "lockfileVersion": 2,
  "requires": true,
  "packages": {
    "": {
      "name": "@myc90/dexie-export-import",
      "version": "4.0.4",
      "license": "Apache-2.0",
      "devDependencies": {
        "@rollup/plugin-alias": "^3.1.2",
        "@types/node": "^13.5.1",
        "base64-arraybuffer-es6": "*",
        "clarinet": "@myc90/clarinet",
        "just-build": "^0.9.24",
        "rollup-plugin-alias": "^2.2.0",
        "typeson": "^5.8.2",
        "typeson-registry": "^1.0.0-alpha.21"
      },
      "peerDependencies": {
        "dexie": "^2.0.4 || ^3.0.0 || ^4.0.0-alpha.1"
      }
    },
    "@myc90/clarinet": {
      "dev": true
    },
    "node_modules/@rollup/plugin-alias": {
      "version": "3.1.9",
      "dev": true,
      "license": "MIT",
      "dependencies": {
        "slash": "^3.0.0"
      },
      "engines": {
        "node": ">=8.0.0"
      },
      "peerDependencies": {
        "rollup": "^1.20.0||^2.0.0"
      }
    },
    "node_modules/@types/node": {
      "version": "13.13.52",
      "dev": true,
      "license": "MIT"
    },
    "node_modules/base64-arraybuffer-es6": {
      "version": "1.0.0",
      "dev": true,
      "license": "MIT",
      "engines": {
        "node": "^12.22.0 || ^14.17.0 || >=16.0.0"
      }
    },
    "node_modules/clarinet": {
      "resolved": "@myc90/clarinet",
      "link": true
    },
    "node_modules/core-js-bundle": {
      "version": "3.26.1",
      "dev": true,
      "hasInstallScript": true,
      "license": "MIT",
      "peer": true,
      "funding": {
        "type": "opencollective",
        "url": "https://opencollective.com/core-js"
      }
    },
    "node_modules/dexie": {
      "version": "3.2.2",
      "license": "Apache-2.0",
      "peer": true,
      "engines": {
        "node": ">=6.0"
      }
    },
    "node_modules/just-build": {
      "version": "0.9.24",
      "dev": true,
      "license": "Apache-2.0",
      "bin": {
        "just-build": "bin/just-build"
      }
    },
    "node_modules/lodash": {
      "version": "4.17.21",
      "dev": true,
      "license": "MIT"
    },
    "node_modules/punycode": {
      "version": "2.1.1",
      "dev": true,
      "license": "MIT",
      "engines": {
        "node": ">=6"
      }
    },
    "node_modules/regenerator-runtime": {
      "version": "0.13.11",
      "dev": true,
      "license": "MIT",
      "peer": true
    },
    "node_modules/rollup": {
      "version": "2.79.1",
      "dev": true,
      "license": "MIT",
      "peer": true,
      "bin": {
        "rollup": "dist/bin/rollup"
      },
      "engines": {
        "node": ">=10.0.0"
      },
      "optionalDependencies": {
        "fsevents": "~2.3.2"
      }
    },
    "node_modules/rollup-plugin-alias": {
      "version": "2.2.0",
      "dev": true,
      "license": "MIT",
      "dependencies": {
        "slash": "^3.0.0"
      }
    },
    "node_modules/slash": {
      "version": "3.0.0",
      "dev": true,
      "license": "MIT",
      "engines": {
        "node": ">=8"
      }
    },
    "node_modules/tr46": {
      "version": "2.1.0",
      "dev": true,
      "license": "MIT",
      "dependencies": {
        "punycode": "^2.1.1"
      },
      "engines": {
        "node": ">=8"
      }
    },
    "node_modules/typeson": {
      "version": "5.18.2",
      "dev": true,
      "license": "MIT",
      "engines": {
        "node": ">=0.1.14"
      },
      "peerDependencies": {
        "core-js-bundle": "^3.6.4",
        "regenerator-runtime": "^0.13.3"
      }
    },
    "node_modules/typeson-registry": {
      "version": "1.0.0-alpha.39",
      "dev": true,
      "license": "MIT",
      "dependencies": {
        "base64-arraybuffer-es6": "^0.7.0",
        "typeson": "^6.0.0",
        "whatwg-url": "^8.4.0"
      },
      "engines": {
        "node": ">=10.0.0"
      }
    },
    "node_modules/typeson-registry/node_modules/base64-arraybuffer-es6": {
      "version": "0.7.0",
      "dev": true,
      "license": "MIT",
      "engines": {
        "node": ">=6.0.0"
      }
    },
    "node_modules/typeson-registry/node_modules/typeson": {
      "version": "6.1.0",
      "dev": true,
      "license": "MIT",
      "engines": {
        "node": ">=0.1.14"
      }
    },
    "node_modules/webidl-conversions": {
      "version": "6.1.0",
      "dev": true,
      "license": "BSD-2-Clause",
      "engines": {
        "node": ">=10.4"
      }
    },
    "node_modules/whatwg-url": {
      "version": "8.7.0",
      "dev": true,
      "license": "MIT",
      "dependencies": {
        "lodash": "^4.7.0",
        "tr46": "^2.1.0",
        "webidl-conversions": "^6.1.0"
      },
      "engines": {
        "node": ">=10"
      }
    }
  },
  "dependencies": {
    "@rollup/plugin-alias": {
      "version": "3.1.9",
      "dev": true,
      "requires": {
        "slash": "^3.0.0"
      }
    },
    "@types/node": {
      "version": "13.13.52",
      "dev": true
    },
    "base64-arraybuffer-es6": {
      "version": "1.0.0",
      "dev": true
    },
    "clarinet": {
      "version": "file:@myc90/clarinet"
    },
    "core-js-bundle": {
      "version": "3.26.1",
      "dev": true,
      "peer": true
    },
    "dexie": {
      "version": "3.2.2",
      "peer": true
    },
    "just-build": {
      "version": "0.9.24",
      "dev": true
    },
    "lodash": {
      "version": "4.17.21",
      "dev": true
    },
    "punycode": {
      "version": "2.1.1",
      "dev": true
    },
    "regenerator-runtime": {
      "version": "0.13.11",
      "dev": true,
      "peer": true
    },
    "rollup": {
      "version": "2.79.1",
      "dev": true,
      "peer": true,
      "requires": {
        "fsevents": "~2.3.2"
      }
    },
    "rollup-plugin-alias": {
      "version": "2.2.0",
      "dev": true,
      "requires": {
        "slash": "^3.0.0"
      }
    },
    "slash": {
      "version": "3.0.0",
      "dev": true
    },
    "tr46": {
      "version": "2.1.0",
      "dev": true,
      "requires": {
        "punycode": "^2.1.1"
      }
    },
    "typeson": {
      "version": "5.18.2",
      "dev": true,
      "requires": {}
    },
    "typeson-registry": {
      "version": "1.0.0-alpha.39",
      "dev": true,
      "requires": {
        "base64-arraybuffer-es6": "^0.7.0",
        "typeson": "^6.0.0",
        "whatwg-url": "^8.4.0"
      },
      "dependencies": {
        "base64-arraybuffer-es6": {
          "version": "0.7.0",
          "dev": true
        },
        "typeson": {
          "version": "6.1.0",
          "dev": true
        }
      }
    },
    "webidl-conversions": {
      "version": "6.1.0",
      "dev": true
    },
    "whatwg-url": {
      "version": "8.7.0",
      "dev": true,
      "requires": {
        "lodash": "^4.7.0",
        "tr46": "^2.1.0",
        "webidl-conversions": "^6.1.0"
      }
    }
  }
}
